
Microsoft Visual Studio Solution File, Format Version 12.00
# Visual Studio Version 17
VisualStudioVersion = 17.8.34330.188
MinimumVisualStudioVersion = 10.0.40219.1
Project("{9A19103F-16F7-4668-BE54-9A1E7A4F7556}") = "JsonHelpers", "JsonHelpers\JsonHelpers.csproj", "{372A68B0-FB45-421E-ACBC-9855935F8B65}"
EndProject
Project("{9A19103F-16F7-4668-BE54-9A1E7A4F7556}") = "JsonHelpersUT", "JsonHelpersUT\JsonHelpersUT.csproj", "{15152D4E-BE4F-4FC2-88CF-2987E903DDB6}"
EndProject
Project("{2150E333-8FDC-42A3-9474-1A3956D46DE8}") = "Solution Items", "Solution Items", "{6EE2FAD0-E844-4331-B6E9-E82DD013B59C}"
	ProjectSection(SolutionItems) = preProject
		.editorconfig = .editorconfig
		.gitignore = .gitignore
		build.cmd = build.cmd
		checkinTest.cmd = checkinTest.cmd
		CopyrightChecks.cmd = CopyrightChecks.cmd
		Directory.Build.Props = Directory.Build.Props
		README.md = README.md
		SHLLC-Logo.128.100.jpg = SHLLC-Logo.128.100.jpg
		SHLLC-Logo.jpg = SHLLC-Logo.jpg
	EndProjectSection
EndProject
Global
	GlobalSection(SolutionConfigurationPlatforms) = preSolution
		Debug|Any CPU = Debug|Any CPU
		Release|Any CPU = Release|Any CPU
	EndGlobalSection
	GlobalSection(ProjectConfigurationPlatforms) = postSolution
		{372A68B0-FB45-421E-ACBC-9855935F8B65}.Debug|Any CPU.ActiveCfg = Debug|Any CPU
		{372A68B0-FB45-421E-ACBC-9855935F8B65}.Debug|Any CPU.Build.0 = Debug|Any CPU
		{372A68B0-FB45-421E-ACBC-9855935F8B65}.Release|Any CPU.ActiveCfg = Release|Any CPU
		{372A68B0-FB45-421E-ACBC-9855935F8B65}.Release|Any CPU.Build.0 = Release|Any CPU
		{15152D4E-BE4F-4FC2-88CF-2987E903DDB6}.Debug|Any CPU.ActiveCfg = Debug|Any CPU
		{15152D4E-BE4F-4FC2-88CF-2987E903DDB6}.Debug|Any CPU.Build.0 = Debug|Any CPU
		{15152D4E-BE4F-4FC2-88CF-2987E903DDB6}.Release|Any CPU.ActiveCfg = Release|Any CPU
		{15152D4E-BE4F-4FC2-88CF-2987E903DDB6}.Release|Any CPU.Build.0 = Release|Any CPU
	EndGlobalSection
	GlobalSection(SolutionProperties) = preSolution
		HideSolutionNode = FALSE
	EndGlobalSection
	GlobalSection(ExtensibilityGlobals) = postSolution
		SolutionGuid = {BCF3787C-C76B-4C1A-82C2-FE6EC78F3319}
	EndGlobalSection
EndGlobal
